
Microsoft Visual Studio Solution File, Format Version 12.00
# Visual Studio 15
VisualStudioVersion = 15.0.28307.539
MinimumVisualStudioVersion = 10.0.40219.1
Project("{FAE04EC0-301F-11D3-BF4B-00C04F79EFBC}") = "PeopleSearch.Web", "PeopleSearch.Web\PeopleSearch.Web.csproj", "{7184E883-C3B7-4FA1-B5B3-322EF25D5895}"
EndProject
Project("{FAE04EC0-301F-11D3-BF4B-00C04F79EFBC}") = "PeopleSearch.Data", "PeopleSearch.Data\PeopleSearch.Data.csproj", "{27B7AD2C-D17B-4251-9014-5456A06F10A4}"
EndProject
Project("{FAE04EC0-301F-11D3-BF4B-00C04F79EFBC}") = "PeopleSearch.Tests", "PeopleSearch.Tests\PeopleSearch.Tests.csproj", "{633C217F-52D9-4E3C-BDEA-62FE4D381EA9}"
EndProject
Global
	GlobalSection(SolutionConfigurationPlatforms) = preSolution
		Debug|Any CPU = Debug|Any CPU
		Release|Any CPU = Release|Any CPU
	EndGlobalSection
	GlobalSection(ProjectConfigurationPlatforms) = postSolution
		{7184E883-C3B7-4FA1-B5B3-322EF25D5895}.Debug|Any CPU.ActiveCfg = Debug|Any CPU
		{7184E883-C3B7-4FA1-B5B3-322EF25D5895}.Debug|Any CPU.Build.0 = Debug|Any CPU
		{7184E883-C3B7-4FA1-B5B3-322EF25D5895}.Release|Any CPU.ActiveCfg = Release|Any CPU
		{7184E883-C3B7-4FA1-B5B3-322EF25D5895}.Release|Any CPU.Build.0 = Release|Any CPU
		{27B7AD2C-D17B-4251-9014-5456A06F10A4}.Debug|Any CPU.ActiveCfg = Debug|Any CPU
		{27B7AD2C-D17B-4251-9014-5456A06F10A4}.Debug|Any CPU.Build.0 = Debug|Any CPU
		{27B7AD2C-D17B-4251-9014-5456A06F10A4}.Release|Any CPU.ActiveCfg = Release|Any CPU
		{27B7AD2C-D17B-4251-9014-5456A06F10A4}.Release|Any CPU.Build.0 = Release|Any CPU
		{633C217F-52D9-4E3C-BDEA-62FE4D381EA9}.Debug|Any CPU.ActiveCfg = Debug|Any CPU
		{633C217F-52D9-4E3C-BDEA-62FE4D381EA9}.Debug|Any CPU.Build.0 = Debug|Any CPU
		{633C217F-52D9-4E3C-BDEA-62FE4D381EA9}.Release|Any CPU.ActiveCfg = Release|Any CPU
		{633C217F-52D9-4E3C-BDEA-62FE4D381EA9}.Release|Any CPU.Build.0 = Release|Any CPU
	EndGlobalSection
	GlobalSection(SolutionProperties) = preSolution
		HideSolutionNode = FALSE
	EndGlobalSection
	GlobalSection(ExtensibilityGlobals) = postSolution
		SolutionGuid = {C00FEFAA-3D1F-4A81-A888-E20E3E012AC0}
	EndGlobalSection
EndGlobal
