
Microsoft Visual Studio Solution File, Format Version 12.00
# Visual Studio Version 16
VisualStudioVersion = 16.0.28729.10
MinimumVisualStudioVersion = 10.0.40219.1
Project("{9A19103F-16F7-4668-BE54-9A1E7A4F7556}") = "PeopleSearch.Web", "PeopleSearch.Web\PeopleSearch.Web.csproj", "{7184E883-C3B7-4FA1-B5B3-322EF25D5895}"
EndProject
Project("{9A19103F-16F7-4668-BE54-9A1E7A4F7556}") = "PeopleSearch.Data", "PeopleSearch.Data\PeopleSearch.Data.csproj", "{27B7AD2C-D17B-4251-9014-5456A06F10A4}"
EndProject
Project("{9A19103F-16F7-4668-BE54-9A1E7A4F7556}") = "PeopleSearch.Tests", "PeopleSearch.Tests\PeopleSearch.Tests.csproj", "{633C217F-52D9-4E3C-BDEA-62FE4D381EA9}"
EndProject
Global
	GlobalSection(SolutionConfigurationPlatforms) = preSolution
		Debug|Any CPU = Debug|Any CPU
		Release|Any CPU = Release|Any CPU
	EndGlobalSection
	GlobalSection(ProjectConfigurationPlatforms) = postSolution
		{7184E883-C3B7-4FA1-B5B3-322EF25D5895}.Debug|Any CPU.ActiveCfg = Debug|Any CPU
		{7184E883-C3B7-4FA1-B5B3-322EF25D5895}.Debug|Any CPU.Build.0 = Debug|Any CPU
		{7184E883-C3B7-4FA1-B5B3-322EF25D5895}.Release|Any CPU.ActiveCfg = Release|Any CPU
		{7184E883-C3B7-4FA1-B5B3-322EF25D5895}.Release|Any CPU.Build.0 = Release|Any CPU
		{27B7AD2C-D17B-4251-9014-5456A06F10A4}.Debug|Any CPU.ActiveCfg = Debug|Any CPU
		{27B7AD2C-D17B-4251-9014-5456A06F10A4}.Debug|Any CPU.Build.0 = Debug|Any CPU
		{27B7AD2C-D17B-4251-9014-5456A06F10A4}.Release|Any CPU.ActiveCfg = Release|Any CPU
		{27B7AD2C-D17B-4251-9014-5456A06F10A4}.Release|Any CPU.Build.0 = Release|Any CPU
		{633C217F-52D9-4E3C-BDEA-62FE4D381EA9}.Debug|Any CPU.ActiveCfg = Debug|Any CPU
		{633C217F-52D9-4E3C-BDEA-62FE4D381EA9}.Debug|Any CPU.Build.0 = Debug|Any CPU
		{633C217F-52D9-4E3C-BDEA-62FE4D381EA9}.Release|Any CPU.ActiveCfg = Release|Any CPU
		{633C217F-52D9-4E3C-BDEA-62FE4D381EA9}.Release|Any CPU.Build.0 = Release|Any CPU
	EndGlobalSection
	GlobalSection(SolutionProperties) = preSolution
		HideSolutionNode = FALSE
	EndGlobalSection
	GlobalSection(ExtensibilityGlobals) = postSolution
		SolutionGuid = {C00FEFAA-3D1F-4A81-A888-E20E3E012AC0}
	EndGlobalSection
EndGlobal
